Microsoft Visual Studio Solution File, Format Version 12.00
# Visual Studio 15
VisualStudioVersion = 15.0.28010.2019
MinimumVisualStudioVersion = 10.0.40219.1
Project("{D954291E-2A0B-460D-934E-DC6B0785DB48}") = "WoMoDiary", "WoMoDiary.shproj", "{55855BC6-90EF-4B47-90C6-D3B4A584CF51}"
EndProject
Project("{FAE04EC0-301F-11D3-BF4B-00C04F79EFBC}") = "WoMoDiary.iOS", "WoMoDiary.iOS\WoMoDiary.iOS.csproj", "{52BBEEAF-63F8-4DE3-BD9F-99F4DF025185}"
EndProject
Project("{FAE04EC0-301F-11D3-BF4B-00C04F79EFBC}") = "WoMoDiary.BackEnd", "WoMoDiary.BackEnd\WoMoDiary.BackEnd.csproj", "{174F475B-BDE3-495E-8603-2C5A6A96D5EE}"
EndProject
Project("{FAE04EC0-301F-11D3-BF4B-00C04F79EFBC}") = "WoMoDiary.Domain", "WoMoDiary.Domain\WoMoDiary.Domain.csproj", "{D47E86C8-3276-4088-A2FF-8F4A9ADC9280}"
EndProject
Project("{FAE04EC0-301F-11D3-BF4B-00C04F79EFBC}") = "WoMoDiary.Repository", "WoMoDiary.Repository\WoMoDiary.Repository.csproj", "{60041B6C-6F0A-4708-A851-9D40DADA7EE6}"
EndProject
Project("{FAE04EC0-301F-11D3-BF4B-00C04F79EFBC}") = "WoMoDiary.Android", "WoMoDiary.Android\WoMoDiary.Android.csproj", "{33D3E43F-0385-4084-8F4C-09219AB016F0}"
EndProject
Global
	GlobalSection(SharedMSBuildProjectFiles) = preSolution
		WoMoDiary.projitems*{33d3e43f-0385-4084-8f4c-09219ab016f0}*SharedItemsImports = 4
		WoMoDiary.projitems*{52bbeeaf-63f8-4de3-bd9f-99f4df025185}*SharedItemsImports = 4
		WoMoDiary.projitems*{55855bc6-90ef-4b47-90c6-d3b4a584cf51}*SharedItemsImports = 13
	EndGlobalSection
	GlobalSection(SolutionConfigurationPlatforms) = preSolution
		Debug|Any CPU = Debug|Any CPU
		Debug|iPhone = Debug|iPhone
		Debug|iPhoneSimulator = Debug|iPhoneSimulator
		Release|Any CPU = Release|Any CPU
		Release|iPhone = Release|iPhone
		Release|iPhoneSimulator = Release|iPhoneSimulator
	EndGlobalSection
	GlobalSection(ProjectConfigurationPlatforms) = postSolution
		{52BBEEAF-63F8-4DE3-BD9F-99F4DF025185}.Debug|Any CPU.ActiveCfg = Debug|iPhoneSimulator
		{52BBEEAF-63F8-4DE3-BD9F-99F4DF025185}.Debug|Any CPU.Build.0 = Debug|iPhoneSimulator
		{52BBEEAF-63F8-4DE3-BD9F-99F4DF025185}.Debug|iPhone.ActiveCfg = Debug|iPhone
		{52BBEEAF-63F8-4DE3-BD9F-99F4DF025185}.Debug|iPhone.Build.0 = Debug|iPhone
		{52BBEEAF-63F8-4DE3-BD9F-99F4DF025185}.Debug|iPhoneSimulator.ActiveCfg = Debug|iPhoneSimulator
		{52BBEEAF-63F8-4DE3-BD9F-99F4DF025185}.Debug|iPhoneSimulator.Build.0 = Debug|iPhoneSimulator
		{52BBEEAF-63F8-4DE3-BD9F-99F4DF025185}.Release|Any CPU.ActiveCfg = Release|iPhone
		{52BBEEAF-63F8-4DE3-BD9F-99F4DF025185}.Release|Any CPU.Build.0 = Release|iPhone
		{52BBEEAF-63F8-4DE3-BD9F-99F4DF025185}.Release|iPhone.ActiveCfg = Release|iPhone
		{52BBEEAF-63F8-4DE3-BD9F-99F4DF025185}.Release|iPhone.Build.0 = Release|iPhone
		{52BBEEAF-63F8-4DE3-BD9F-99F4DF025185}.Release|iPhoneSimulator.ActiveCfg = Release|iPhoneSimulator
		{52BBEEAF-63F8-4DE3-BD9F-99F4DF025185}.Release|iPhoneSimulator.Build.0 = Release|iPhoneSimulator
		{174F475B-BDE3-495E-8603-2C5A6A96D5EE}.Debug|Any CPU.ActiveCfg = Debug|Any CPU
		{174F475B-BDE3-495E-8603-2C5A6A96D5EE}.Debug|Any CPU.Build.0 = Debug|Any CPU
		{174F475B-BDE3-495E-8603-2C5A6A96D5EE}.Debug|iPhone.ActiveCfg = Debug|Any CPU
		{174F475B-BDE3-495E-8603-2C5A6A96D5EE}.Debug|iPhone.Build.0 = Debug|Any CPU
		{174F475B-BDE3-495E-8603-2C5A6A96D5EE}.Debug|iPhoneSimulator.ActiveCfg = Debug|Any CPU
		{174F475B-BDE3-495E-8603-2C5A6A96D5EE}.Debug|iPhoneSimulator.Build.0 = Debug|Any CPU
		{174F475B-BDE3-495E-8603-2C5A6A96D5EE}.Release|Any CPU.ActiveCfg = Release|Any CPU
		{174F475B-BDE3-495E-8603-2C5A6A96D5EE}.Release|Any CPU.Build.0 = Release|Any CPU
		{174F475B-BDE3-495E-8603-2C5A6A96D5EE}.Release|iPhone.ActiveCfg = Release|Any CPU
		{174F475B-BDE3-495E-8603-2C5A6A96D5EE}.Release|iPhone.Build.0 = Release|Any CPU
		{174F475B-BDE3-495E-8603-2C5A6A96D5EE}.Release|iPhoneSimulator.ActiveCfg = Release|Any CPU
		{174F475B-BDE3-495E-8603-2C5A6A96D5EE}.Release|iPhoneSimulator.Build.0 = Release|Any CPU
		{D47E86C8-3276-4088-A2FF-8F4A9ADC9280}.Debug|Any CPU.ActiveCfg = Debug|Any CPU
		{D47E86C8-3276-4088-A2FF-8F4A9ADC9280}.Debug|Any CPU.Build.0 = Debug|Any CPU
		{D47E86C8-3276-4088-A2FF-8F4A9ADC9280}.Debug|iPhone.ActiveCfg = Debug|Any CPU
		{D47E86C8-3276-4088-A2FF-8F4A9ADC9280}.Debug|iPhone.Build.0 = Debug|Any CPU
		{D47E86C8-3276-4088-A2FF-8F4A9ADC9280}.Debug|iPhoneSimulator.ActiveCfg = Debug|Any CPU
		{D47E86C8-3276-4088-A2FF-8F4A9ADC9280}.Debug|iPhoneSimulator.Build.0 = Debug|Any CPU
		{D47E86C8-3276-4088-A2FF-8F4A9ADC9280}.Release|Any CPU.ActiveCfg = Release|Any CPU
		{D47E86C8-3276-4088-A2FF-8F4A9ADC9280}.Release|Any CPU.Build.0 = Release|Any CPU
		{D47E86C8-3276-4088-A2FF-8F4A9ADC9280}.Release|iPhone.ActiveCfg = Release|Any CPU
		{D47E86C8-3276-4088-A2FF-8F4A9ADC9280}.Release|iPhone.Build.0 = Release|Any CPU
		{D47E86C8-3276-4088-A2FF-8F4A9ADC9280}.Release|iPhoneSimulator.ActiveCfg = Release|Any CPU
		{D47E86C8-3276-4088-A2FF-8F4A9ADC9280}.Release|iPhoneSimulator.Build.0 = Release|Any CPU
		{60041B6C-6F0A-4708-A851-9D40DADA7EE6}.Debug|Any CPU.ActiveCfg = Debug|Any CPU
		{60041B6C-6F0A-4708-A851-9D40DADA7EE6}.Debug|Any CPU.Build.0 = Debug|Any CPU
		{60041B6C-6F0A-4708-A851-9D40DADA7EE6}.Debug|iPhone.ActiveCfg = Debug|Any CPU
		{60041B6C-6F0A-4708-A851-9D40DADA7EE6}.Debug|iPhone.Build.0 = Debug|Any CPU
		{60041B6C-6F0A-4708-A851-9D40DADA7EE6}.Debug|iPhoneSimulator.ActiveCfg = Debug|Any CPU
		{60041B6C-6F0A-4708-A851-9D40DADA7EE6}.Debug|iPhoneSimulator.Build.0 = Debug|Any CPU
		{60041B6C-6F0A-4708-A851-9D40DADA7EE6}.Release|Any CPU.ActiveCfg = Release|Any CPU
		{60041B6C-6F0A-4708-A851-9D40DADA7EE6}.Release|Any CPU.Build.0 = Release|Any CPU
		{60041B6C-6F0A-4708-A851-9D40DADA7EE6}.Release|iPhone.ActiveCfg = Release|Any CPU
		{60041B6C-6F0A-4708-A851-9D40DADA7EE6}.Release|iPhone.Build.0 = Release|Any CPU
		{60041B6C-6F0A-4708-A851-9D40DADA7EE6}.Release|iPhoneSimulator.ActiveCfg = Release|Any CPU
		{60041B6C-6F0A-4708-A851-9D40DADA7EE6}.Release|iPhoneSimulator.Build.0 = Release|Any CPU
		{33D3E43F-0385-4084-8F4C-09219AB016F0}.Debug|Any CPU.ActiveCfg = Debug|Any CPU
		{33D3E43F-0385-4084-8F4C-09219AB016F0}.Debug|Any CPU.Build.0 = Debug|Any CPU
		{33D3E43F-0385-4084-8F4C-09219AB016F0}.Debug|Any CPU.Deploy.0 = Debug|Any CPU
		{33D3E43F-0385-4084-8F4C-09219AB016F0}.Debug|iPhone.ActiveCfg = Debug|Any CPU
		{33D3E43F-0385-4084-8F4C-09219AB016F0}.Debug|iPhone.Build.0 = Debug|Any CPU
		{33D3E43F-0385-4084-8F4C-09219AB016F0}.Debug|iPhone.Deploy.0 = Debug|Any CPU
		{33D3E43F-0385-4084-8F4C-09219AB016F0}.Debug|iPhoneSimulator.ActiveCfg = Debug|Any CPU
		{33D3E43F-0385-4084-8F4C-09219AB016F0}.Debug|iPhoneSimulator.Build.0 = Debug|Any CPU
		{33D3E43F-0385-4084-8F4C-09219AB016F0}.Debug|iPhoneSimulator.Deploy.0 = Debug|Any CPU
		{33D3E43F-0385-4084-8F4C-09219AB016F0}.Release|Any CPU.ActiveCfg = Release|Any CPU
		{33D3E43F-0385-4084-8F4C-09219AB016F0}.Release|Any CPU.Build.0 = Release|Any CPU
		{33D3E43F-0385-4084-8F4C-09219AB016F0}.Release|Any CPU.Deploy.0 = Release|Any CPU
		{33D3E43F-0385-4084-8F4C-09219AB016F0}.Release|iPhone.ActiveCfg = Release|Any CPU
		{33D3E43F-0385-4084-8F4C-09219AB016F0}.Release|iPhone.Build.0 = Release|Any CPU
		{33D3E43F-0385-4084-8F4C-09219AB016F0}.Release|iPhone.Deploy.0 = Release|Any CPU
		{33D3E43F-0385-4084-8F4C-09219AB016F0}.Release|iPhoneSimulator.ActiveCfg = Release|Any CPU
		{33D3E43F-0385-4084-8F4C-09219AB016F0}.Release|iPhoneSimulator.Build.0 = Release|Any CPU
		{33D3E43F-0385-4084-8F4C-09219AB016F0}.Release|iPhoneSimulator.Deploy.0 = Release|Any CPU
	EndGlobalSection
	GlobalSection(SolutionProperties) = preSolution
		HideSolutionNode = FALSE
	EndGlobalSection
	GlobalSection(ExtensibilityGlobals) = postSolution
		SolutionGuid = {3D045946-B450-4F8F-A027-1FD669DE9B01}
	EndGlobalSection
EndGlobal
